
Microsoft Visual Studio Solution File, Format Version 12.00
# Visual Studio Version 17
VisualStudioVersion = 17.0.31612.314
MinimumVisualStudioVersion = 10.0.40219.1
Project("{9A19103F-16F7-4668-BE54-9A1E7A4F7556}") = "MyExampleDoor", "MyExampleDoor\MyExampleDoor.csproj", "{6FF74792-77A3-4134-B426-73EEB1603A36}"
EndProject
Project("{9A19103F-16F7-4668-BE54-9A1E7A4F7556}") = "DotNetFoss", "DotNetFoss\DotNetFoss.csproj", "{DA30D524-F8B9-47FD-88C3-F0E59D1CFEF9}"
EndProject
Project("{FAE04EC0-301F-11D3-BF4B-00C04F79EFBC}") = "Quintara", "Quintara\Quintara.csproj", "{CE761213-FBB5-47A1-AA2A-71FA9ABBDA9E}"
EndProject
Project("{FAE04EC0-301F-11D3-BF4B-00C04F79EFBC}") = "DotNetFoss.Screens", "DotNetFoss.Screens\DotNetFoss.Screens.csproj", "{828A5941-CBF5-4156-B9F5-CA7A0E4A5158}"
EndProject
Project("{FAE04EC0-301F-11D3-BF4B-00C04F79EFBC}") = "DotNetFoss.Screens.Widgets", "DotNetFoss.Screens.Widgets\DotNetFoss.Screens.Widgets.csproj", "{0D076BEC-68AF-4AC8-BC35-DDE72DE0F926}"
EndProject
Project("{FAE04EC0-301F-11D3-BF4B-00C04F79EFBC}") = "DotNetFoss.Door", "DotNetFoss.Door\DotNetFoss.Door.csproj", "{0D84A9F1-183E-495B-8E79-EB392CB13157}"
EndProject
Global
	GlobalSection(SolutionConfigurationPlatforms) = preSolution
		Debug|Any CPU = Debug|Any CPU
		Release|Any CPU = Release|Any CPU
	EndGlobalSection
	GlobalSection(ProjectConfigurationPlatforms) = postSolution
		{6FF74792-77A3-4134-B426-73EEB1603A36}.Debug|Any CPU.ActiveCfg = Debug|Any CPU
		{6FF74792-77A3-4134-B426-73EEB1603A36}.Debug|Any CPU.Build.0 = Debug|Any CPU
		{6FF74792-77A3-4134-B426-73EEB1603A36}.Release|Any CPU.ActiveCfg = Release|Any CPU
		{6FF74792-77A3-4134-B426-73EEB1603A36}.Release|Any CPU.Build.0 = Release|Any CPU
		{DA30D524-F8B9-47FD-88C3-F0E59D1CFEF9}.Debug|Any CPU.ActiveCfg = Debug|Any CPU
		{DA30D524-F8B9-47FD-88C3-F0E59D1CFEF9}.Debug|Any CPU.Build.0 = Debug|Any CPU
		{DA30D524-F8B9-47FD-88C3-F0E59D1CFEF9}.Release|Any CPU.ActiveCfg = Release|Any CPU
		{DA30D524-F8B9-47FD-88C3-F0E59D1CFEF9}.Release|Any CPU.Build.0 = Release|Any CPU
		{CE761213-FBB5-47A1-AA2A-71FA9ABBDA9E}.Debug|Any CPU.ActiveCfg = Debug|Any CPU
		{CE761213-FBB5-47A1-AA2A-71FA9ABBDA9E}.Debug|Any CPU.Build.0 = Debug|Any CPU
		{CE761213-FBB5-47A1-AA2A-71FA9ABBDA9E}.Release|Any CPU.ActiveCfg = Release|Any CPU
		{CE761213-FBB5-47A1-AA2A-71FA9ABBDA9E}.Release|Any CPU.Build.0 = Release|Any CPU
		{828A5941-CBF5-4156-B9F5-CA7A0E4A5158}.Debug|Any CPU.ActiveCfg = Debug|Any CPU
		{828A5941-CBF5-4156-B9F5-CA7A0E4A5158}.Debug|Any CPU.Build.0 = Debug|Any CPU
		{828A5941-CBF5-4156-B9F5-CA7A0E4A5158}.Release|Any CPU.ActiveCfg = Release|Any CPU
		{828A5941-CBF5-4156-B9F5-CA7A0E4A5158}.Release|Any CPU.Build.0 = Release|Any CPU
		{0D076BEC-68AF-4AC8-BC35-DDE72DE0F926}.Debug|Any CPU.ActiveCfg = Debug|Any CPU
		{0D076BEC-68AF-4AC8-BC35-DDE72DE0F926}.Debug|Any CPU.Build.0 = Debug|Any CPU
		{0D076BEC-68AF-4AC8-BC35-DDE72DE0F926}.Release|Any CPU.ActiveCfg = Release|Any CPU
		{0D076BEC-68AF-4AC8-BC35-DDE72DE0F926}.Release|Any CPU.Build.0 = Release|Any CPU
		{0D84A9F1-183E-495B-8E79-EB392CB13157}.Debug|Any CPU.ActiveCfg = Debug|Any CPU
		{0D84A9F1-183E-495B-8E79-EB392CB13157}.Debug|Any CPU.Build.0 = Debug|Any CPU
		{0D84A9F1-183E-495B-8E79-EB392CB13157}.Release|Any CPU.ActiveCfg = Release|Any CPU
		{0D84A9F1-183E-495B-8E79-EB392CB13157}.Release|Any CPU.Build.0 = Release|Any CPU
	EndGlobalSection
	GlobalSection(SolutionProperties) = preSolution
		HideSolutionNode = FALSE
	EndGlobalSection
	GlobalSection(ExtensibilityGlobals) = postSolution
		SolutionGuid = {1FBAC4DA-D156-4E81-8A96-13ABAB7D7B56}
	EndGlobalSection
EndGlobal
